PODS:
  - Flutter (1.0.0)
  - flutter_screenshot (0.0.1):
    - Flutter

DEPENDENCIES:
  - Flutter (from `Flutter`)
  - flutter_screenshot (from `.symlinks/plugins/flutter_screenshot/ios`)

EXTERNAL SOURCES:
  Flutter:
    :path: Flutter
  flutter_screenshot:
    :path: ".symlinks/plugins/flutter_screenshot/ios"

SPEC CHECKSUMS:
  Flutter: 434fef37c0980e73bb6479ef766c45957d4b510c
  flutter_screenshot: 8d6c6a348afe3eb78bf89e7c2f44ca1599d3af66

PODFILE CHECKSUM: aafe91acc616949ddb318b77800a7f51bffa2a4c

COCOAPODS: 1.10.1
